// !$*UTF8*$!
{
	archiveVersion = 1;
	classes = {
	};
	objectVersion = 50;
	objects = {

/* Begin PBXBuildFile section */
		4359F67F224442C000801E65 /* AppDelegate.swift in Sources */ = {isa = PBXBuildFile; fileRef = 4359F67E224442C000801E65 /* AppDelegate.swift */; };
		4359F681224442C000801E65 /* ViewController.swift in Sources */ = {isa = PBXBuildFile; fileRef = 4359F680224442C000801E65 /* ViewController.swift */; };
		4359F683224442C300801E65 /* Assets.xcassets in Resources */ = {isa = PBXBuildFile; fileRef = 4359F682224442C300801E65 /* Assets.xcassets */; };
		4359F686224442C300801E65 /* Main.storyboard in Resources */ = {isa = PBXBuildFile; fileRef = 4359F684224442C300801E65 /* Main.storyboard */; };
		4359F68F2244445700801E65 /* LeftTableViewController.swift in Sources */ = {isa = PBXBuildFile; fileRef = 4359F68E2244445700801E65 /* LeftTableViewController.swift */; };
		4359F6912244446100801E65 /* RightTableViewController.swift in Sources */ = {isa = PBXBuildFile; fileRef = 4359F6902244446100801E65 /* RightTableViewController.swift */; };
		4359F6932244454900801E65 /* FruitManager.swift in Sources */ = {isa = PBXBuildFile; fileRef = 4359F6922244454900801E65 /* FruitManager.swift */; };
		4359F69522446BA600801E65 /* PasteboardUtil.swift in Sources */ = {isa = PBXBuildFile; fileRef = 4359F69422446BA600801E65 /* PasteboardUtil.swift */; };
		4359F697224474C700801E65 /* ArrayUtil.swift in Sources */ = {isa = PBXBuildFile; fileRef = 4359F696224474C700801E65 /* ArrayUtil.swift */; };
/* End PBXBuildFile section */

/* Begin PBXFileReference section */
		4359F67B224442C000801E65 /* TableViewDrag.app */ = {isa = PBXFileReference; explicitFileType = wrapper.application; includeInIndex = 0; path = TableViewDrag.app; sourceTree = BUILT_PRODUCTS_DIR; };
		4359F67E224442C000801E65 /* AppDelegate.swift */ = {isa = PBXFileReference; lastKnownFileType = sourcecode.swift; path = AppDelegate.swift; sourceTree = "<group>"; };
		4359F680224442C000801E65 /* ViewController.swift */ = {isa = PBXFileReference; lastKnownFileType = sourcecode.swift; path = ViewController.swift; sourceTree = "<group>"; };
		4359F682224442C300801E65 /* Assets.xcassets */ = {isa = PBXFileReference; lastKnownFileType = folder.assetcatalog; path = Assets.xcassets; sourceTree = "<group>"; };
		4359F685224442C300801E65 /* Base */ = {isa = PBXFileReference; lastKnownFileType = file.storyboard; name = Base; path = Base.lproj/Main.storyboard; sourceTree = "<group>"; };
		4359F687224442C300801E65 /* Info.plist */ = {isa = PBXFileReference; lastKnownFileType = text.plist.xml; path = Info.plist; sourceTree = "<group>"; };
		4359F688224442C300801E65 /* TableViewDrag.entitlements */ = {isa = PBXFileReference; lastKnownFileType = text.plist.entitlements; path = TableViewDrag.entitlements; sourceTree = "<group>"; };
		4359F68E2244445700801E65 /* LeftTableViewController.swift */ = {isa = PBXFileReference; lastKnownFileType = sourcecode.swift; path = LeftTableViewController.swift; sourceTree = "<group>"; };
		4359F6902244446100801E65 /* RightTableViewController.swift */ = {isa = PBXFileReference; lastKnownFileType = sourcecode.swift; path = RightTableViewController.swift; sourceTree = "<group>"; };
		4359F6922244454900801E65 /* FruitManager.swift */ = {isa = PBXFileReference; lastKnownFileType = sourcecode.swift; path = FruitManager.swift; sourceTree = "<group>"; };
		4359F69422446BA600801E65 /* PasteboardUtil.swift */ = {isa = PBXFileReference; lastKnownFileType = sourcecode.swift; path = PasteboardUtil.swift; sourceTree = "<group>"; };
		4359F696224474C700801E65 /* ArrayUtil.swift */ = {isa = PBXFileReference; lastKnownFileType = sourcecode.swift; path = ArrayUtil.swift; sourceTree = "<group>"; };
/* End PBXFileReference section */

/* Begin PBXFrameworksBuildPhase section */
		4359F678224442C000801E65 /* Frameworks */ = {
			isa = PBXFrameworksBuildPhase;
			buildActionMask = 2147483647;
			files = (
			);
			runOnlyForDeploymentPostprocessing = 0;
		};
/* End PBXFrameworksBuildPhase section */

/* Begin PBXGroup section */
		4359F672224442C000801E65 = {
			isa = PBXGroup;
			children = (
				4359F67D224442C000801E65 /* TableViewDrag */,
				4359F67C224442C000801E65 /* Products */,
			);
			sourceTree = "<group>";
		};
		4359F67C224442C000801E65 /* Products */ = {
			isa = PBXGroup;
			children = (
				4359F67B224442C000801E65 /* TableViewDrag.app */,
			);
			name = Products;
			sourceTree = "<group>";
		};
		4359F67D224442C000801E65 /* TableViewDrag */ = {
			isa = PBXGroup;
			children = (
				4359F67E224442C000801E65 /* AppDelegate.swift */,
				4359F680224442C000801E65 /* ViewController.swift */,
				4359F68E2244445700801E65 /* LeftTableViewController.swift */,
				4359F6902244446100801E65 /* RightTableViewController.swift */,
				4359F6922244454900801E65 /* FruitManager.swift */,
				4359F698224475AF00801E65 /* Utils */,
				4359F682224442C300801E65 /* Assets.xcassets */,
				4359F684224442C300801E65 /* Main.storyboard */,
				4359F687224442C300801E65 /* Info.plist */,
				4359F688224442C300801E65 /* TableViewDrag.entitlements */,
			);
			path = TableViewDrag;
			sourceTree = "<group>";
		};
		4359F698224475AF00801E65 /* Utils */ = {
			isa = PBXGroup;
			children = (
				4359F69422446BA600801E65 /* PasteboardUtil.swift */,
				4359F696224474C700801E65 /* ArrayUtil.swift */,
			);
			path = Utils;
			sourceTree = "<group>";
		};
/* End PBXGroup section */

/* Begin PBXNativeTarget section */
		4359F67A224442C000801E65 /* TableViewDrag */ = {
			isa = PBXNativeTarget;
			buildConfigurationList = 4359F68B224442C300801E65 /* Build configuration list for PBXNativeTarget "TableViewDrag" */;
			buildPhases = (
				4359F677224442C000801E65 /* Sources */,
				4359F678224442C000801E65 /* Frameworks */,
				4359F679224442C000801E65 /* Resources */,
			);
			buildRules = (
			);
			dependencies = (
			);
			name = TableViewDrag;
			productName = TableViewDrag;
			productReference = 4359F67B224442C000801E65 /* TableViewDrag.app */;
			productType = "com.apple.product-type.application";
		};
/* End PBXNativeTarget section */

/* Begin PBXProject section */
		4359F673224442C000801E65 /* Project object */ = {
			isa = PBXProject;
			attributes = {
				LastSwiftUpdateCheck = 1010;
				LastUpgradeCheck = 1010;
				ORGANIZATIONNAME = "Nate Thompson";
				TargetAttributes = {
					4359F67A224442C000801E65 = {
						CreatedOnToolsVersion = 10.1;
					};
				};
			};
			buildConfigurationList = 4359F676224442C000801E65 /* Build configuration list for PBXProject "TableViewDrag" */;
			compatibilityVersion = "Xcode 9.3";
			developmentRegion = en;
			hasScannedForEncodings = 0;
			knownRegions = (
				en,
				Base,
			);
			mainGroup = 4359F672224442C000801E65;
			productRefGroup = 4359F67C224442C000801E65 /* Products */;
			projectDirPath = "";
			projectRoot = "";
			targets = (
				4359F67A224442C000801E65 /* TableViewDrag */,
			);
		};
/* End PBXProject section */

/* Begin PBXResourcesBuildPhase section */
		4359F679224442C000801E65 /* Resources */ = {
			isa = PBXResourcesBuildPhase;
			buildActionMask = 2147483647;
			files = (
				4359F683224442C300801E65 /* Assets.xcassets in Resources */,
				4359F686224442C300801E65 /* Main.storyboard in Resources */,
			);
			runOnlyForDeploymentPostprocessing = 0;
		};
/* End PBXResourcesBuildPhase section */

/* Begin PBXSourcesBuildPhase section */
		4359F677224442C000801E65 /* Sources */ = {
			isa = PBXSourcesBuildPhase;
			buildActionMask = 2147483647;
			files = (
				4359F6912244446100801E65 /* RightTableViewController.swift in Sources */,
				4359F68F2244445700801E65 /* LeftTableViewController.swift in Sources */,
				4359F69522446BA600801E65 /* PasteboardUtil.swift in Sources */,
				4359F6932244454900801E65 /* FruitManager.swift in Sources */,
				4359F697224474C700801E65 /* ArrayUtil.swift in Sources */,
				4359F681224442C000801E65 /* ViewController.swift in Sources */,
				4359F67F224442C000801E65 /* AppDelegate.swift in Sources */,
			);
			runOnlyForDeploymentPostprocessing = 0;
		};
/* End PBXSourcesBuildPhase section */

/* Begin PBXVariantGroup section */
		4359F684224442C300801E65 /* Main.storyboard */ = {
			isa = PBXVariantGroup;
			children = (
				4359F685224442C300801E65 /* Base */,
			);
			name = Main.storyboard;
			sourceTree = "<group>";
		};
/* End PBXVariantGroup section */

/* Begin XCBuildConfiguration section */
		4359F689224442C300801E65 /* Debug */ = {
			isa = XCBuildConfiguration;
			buildSettings = {
				ALWAYS_SEARCH_USER_PATHS = NO;
				CLANG_ANALYZER_NONNULL = YES;
				CLANG_ANALYZER_NUMBER_OBJECT_CONVERSION = YES_AGGRESSIVE;
				CLANG_CXX_LANGUAGE_STANDARD = "gnu++14";
				CLANG_CXX_LIBRARY = "libc++";
				CLANG_ENABLE_MODULES = YES;
				CLANG_ENABLE_OBJC_ARC = YES;
				CLANG_ENABLE_OBJC_WEAK = YES;
				CLANG_WARN_BLOCK_CAPTURE_AUTORELEASING = YES;
				CLANG_WARN_BOOL_CONVERSION = YES;
				CLANG_WARN_COMMA = YES;
				CLANG_WARN_CONSTANT_CONVERSION = YES;
				CLANG_WARN_DEPRECATED_OBJC_IMPLEMENTATIONS = YES;
				CLANG_WARN_DIRECT_OBJC_ISA_USAGE = YES_ERROR;
				CLANG_WARN_DOCUMENTATION_COMMENTS = YES;
				CLANG_WARN_EMPTY_BODY = YES;
				CLANG_WARN_ENUM_CONVERSION = YES;
				CLANG_WARN_INFINITE_RECURSION = YES;
				CLANG_WARN_INT_CONVERSION = YES;
				CLANG_WARN_NON_LITERAL_NULL_CONVERSION = YES;
				CLANG_WARN_OBJC_IMPLICIT_RETAIN_SELF = YES;
				CLANG_WARN_OBJC_LITERAL_CONVERSION = YES;
				CLANG_WARN_OBJC_ROOT_CLASS = YES_ERROR;
				CLANG_WARN_RANGE_LOOP_ANALYSIS = YES;
				CLANG_WARN_STRICT_PROTOTYPES = YES;
				CLANG_WARN_SUSPICIOUS_MOVE = YES;
				CLANG_WARN_UNGUARDED_AVAILABILITY = YES_AGGRESSIVE;
				CLANG_WARN_UNREACHABLE_CODE = YES;
				CLANG_WARN__DUPLICATE_METHOD_MATCH = YES;
				CODE_SIGN_IDENTITY = "-";
				COPY_PHASE_STRIP = NO;
				DEBUG_INFORMATION_FORMAT = dwarf;
				ENABLE_STRICT_OBJC_MSGSEND = YES;
				ENABLE_TESTABILITY = YES;
				GCC_C_LANGUAGE_STANDARD = gnu11;
				GCC_DYNAMIC_NO_PIC = NO;
				GCC_NO_COMMON_BLOCKS = YES;
				GCC_OPTIMIZATION_LEVEL = 0;
				GCC_PREPROCESSOR_DEFINITIONS = (
					"DEBUG=1",
					"$(inherited)",
				);
				GCC_WARN_64_TO_32_BIT_CONVERSION = YES;
				GCC_WARN_ABOUT_RETURN_TYPE = YES_ERROR;
				GCC_WARN_UNDECLARED_SELECTOR = YES;
				GCC_WARN_UNINITIALIZED_AUTOS = YES_AGGRESSIVE;
				GCC_WARN_UNUSED_FUNCTION = YES;
				GCC_WARN_UNUSED_VARIABLE = YES;
				MACOSX_DEPLOYMENT_TARGET = 10.14;
				MTL_ENABLE_DEBUG_INFO = INCLUDE_SOURCE;
				MTL_FAST_MATH = YES;
				ONLY_ACTIVE_ARCH = YES;
				SDKROOT = macosx;
				SWIFT_ACTIVE_COMPILATION_CONDITIONS = DEBUG;
				SWIFT_OPTIMIZATION_LEVEL = "-Onone";
			};
			name = Debug;
		};
		4359F68A224442C300801E65 /* Release */ = {
			isa = XCBuildConfiguration;
			buildSettings = {
				ALWAYS_SEARCH_USER_PATHS = NO;
				CLANG_ANALYZER_NONNULL = YES;
				CLANG_ANALYZER_NUMBER_OBJECT_CONVERSION = YES_AGGRESSIVE;
				CLANG_CXX_LANGUAGE_STANDARD = "gnu++14";
				CLANG_CXX_LIBRARY = "libc++";
				CLANG_ENABLE_MODULES = YES;
				CLANG_ENABLE_OBJC_ARC = YES;
				CLANG_ENABLE_OBJC_WEAK = YES;
				CLANG_WARN_BLOCK_CAPTURE_AUTORELEASING = YES;
				CLANG_WARN_BOOL_CONVERSION = YES;
				CLANG_WARN_COMMA = YES;
				CLANG_WARN_CONSTANT_CONVERSION = YES;
				CLANG_WARN_DEPRECATED_OBJC_IMPLEMENTATIONS = YES;
				CLANG_WARN_DIRECT_OBJC_ISA_USAGE = YES_ERROR;
				CLANG_WARN_DOCUMENTATION_COMMENTS = YES;
				CLANG_WARN_EMPTY_BODY = YES;
				CLANG_WARN_ENUM_CONVERSION = YES;
				CLANG_WARN_INFINITE_RECURSION = YES;
				CLANG_WARN_INT_CONVERSION = YES;
				CLANG_WARN_NON_LITERAL_NULL_CONVERSION = YES;
				CLANG_WARN_OBJC_IMPLICIT_RETAIN_SELF = YES;
				CLANG_WARN_OBJC_LITERAL_CONVERSION = YES;
				CLANG_WARN_OBJC_ROOT_CLASS = YES_ERROR;
				CLANG_WARN_RANGE_LOOP_ANALYSIS = YES;
				CLANG_WARN_STRICT_PROTOTYPES = YES;
				CLANG_WARN_SUSPICIOUS_MOVE = YES;
				CLANG_WARN_UNGUARDED_AVAILABILITY = YES_AGGRESSIVE;
				CLANG_WARN_UNREACHABLE_CODE = YES;
				CLANG_WARN__DUPLICATE_METHOD_MATCH = YES;
				CODE_SIGN_IDENTITY = "-";
				COPY_PHASE_STRIP = NO;
				DEBUG_INFORMATION_FORMAT = "dwarf-with-dsym";
				ENABLE_NS_ASSERTIONS = NO;
				ENABLE_STRICT_OBJC_MSGSEND = YES;
				GCC_C_LANGUAGE_STANDARD = gnu11;
				GCC_NO_COMMON_BLOCKS = YES;
				GCC_WARN_64_TO_32_BIT_CONVERSION = YES;
				GCC_WARN_ABOUT_RETURN_TYPE = YES_ERROR;
				GCC_WARN_UNDECLARED_SELECTOR = YES;
				GCC_WARN_UNINITIALIZED_AUTOS = YES_AGGRESSIVE;
				GCC_WARN_UNUSED_FUNCTION = YES;
				GCC_WARN_UNUSED_VARIABLE = YES;
				MACOSX_DEPLOYMENT_TARGET = 10.14;
				MTL_ENABLE_DEBUG_INFO = NO;
				MTL_FAST_MATH = YES;
				SDKROOT = macosx;
				SWIFT_COMPILATION_MODE = wholemodule;
				SWIFT_OPTIMIZATION_LEVEL = "-O";
			};
			name = Release;
		};
		4359F68C224442C300801E65 /* Debug */ = {
			isa = XCBuildConfiguration;
			buildSettings = {
				ASSETCATALOG_COMPILER_APPICON_NAME = AppIcon;
				CODE_SIGN_ENTITLEMENTS = TableViewDrag/TableViewDrag.entitlements;
				CODE_SIGN_STYLE = Automatic;
				COMBINE_HIDPI_IMAGES = YES;
				INFOPLIST_FILE = TableViewDrag/Info.plist;
				LD_RUNPATH_SEARCH_PATHS = (
					"$(inherited)",
					"@executable_path/../Frameworks",
				);
				PRODUCT_BUNDLE_IDENTIFIER = io.natethompson.TableViewDrag;
				PRODUCT_NAME = "$(TARGET_NAME)";
				SWIFT_VERSION = 4.2;
			};
			name = Debug;
		};
		4359F68D224442C300801E65 /* Release */ = {
			isa = XCBuildConfiguration;
			buildSettings = {
				ASSETCATALOG_COMPILER_APPICON_NAME = AppIcon;
				CODE_SIGN_ENTITLEMENTS = TableViewDrag/TableViewDrag.entitlements;
				CODE_SIGN_STYLE = Automatic;
				COMBINE_HIDPI_IMAGES = YES;
				INFOPLIST_FILE = TableViewDrag/Info.plist;
				LD_RUNPATH_SEARCH_PATHS = (
					"$(inherited)",
					"@executable_path/../Frameworks",
				);
				PRODUCT_BUNDLE_IDENTIFIER = io.natethompson.TableViewDrag;
				PRODUCT_NAME = "$(TARGET_NAME)";
				SWIFT_VERSION = 4.2;
			};
			name = Release;
		};
/* End XCBuildConfiguration section */

/* Begin XCConfigurationList section */
		4359F676224442C000801E65 /* Build configuration list for PBXProject "TableViewDrag" */ = {
			isa = XCConfigurationList;
			buildConfigurations = (
				4359F689224442C300801E65 /* Debug */,
				4359F68A224442C300801E65 /* Release */,
			);
			defaultConfigurationIsVisible = 0;
			defaultConfigurationName = Release;
		};
		4359F68B224442C300801E65 /* Build configuration list for PBXNativeTarget "TableViewDrag" */ = {
			isa = XCConfigurationList;
			buildConfigurations = (
				4359F68C224442C300801E65 /* Debug */,
				4359F68D224442C300801E65 /* Release */,
			);
			defaultConfigurationIsVisible = 0;
			defaultConfigurationName = Release;
		};
/* End XCConfigurationList section */
	};
	rootObject = 4359F673224442C000801E65 /* Project object */;
}
